
Microsoft Visual Studio Solution File, Format Version 12.00
# Visual Studio Version 17
VisualStudioVersion = 17.9.34616.47
MinimumVisualStudioVersion = 10.0.40219.1
Project("{FAE04EC0-301F-11D3-BF4B-00C04F79EFBC}") = "MVVM", "MVVM\MVVM.csproj", "{933FD8C7-8191-42CF-B6CE-C12E129ECFFB}"
EndProject
Global
	GlobalSection(SolutionConfigurationPlatforms) = preSolution
		Debug|Any CPU = Debug|Any CPU
		Release|Any CPU = Release|Any CPU
	EndGlobalSection
	GlobalSection(ProjectConfigurationPlatforms) = postSolution
		{933FD8C7-8191-42CF-B6CE-C12E129ECFFB}.Debug|Any CPU.ActiveCfg = Debug|Any CPU
		{933FD8C7-8191-42CF-B6CE-C12E129ECFFB}.Debug|Any CPU.Build.0 = Debug|Any CPU
		{933FD8C7-8191-42CF-B6CE-C12E129ECFFB}.Release|Any CPU.ActiveCfg = Release|Any CPU
		{933FD8C7-8191-42CF-B6CE-C12E129ECFFB}.Release|Any CPU.Build.0 = Release|Any CPU
	EndGlobalSection
	GlobalSection(SolutionProperties) = preSolution
		HideSolutionNode = FALSE
	EndGlobalSection
	GlobalSection(ExtensibilityGlobals) = postSolution
		SolutionGuid = {B1058C1E-EBE9-44EC-8509-F25DB93185C2}
	EndGlobalSection
EndGlobal
